
Microsoft Visual Studio Solution File, Format Version 12.00
# Visual Studio 2012
Project("{FAE04EC0-301F-11D3-BF4B-00C04F79EFBC}") = "ROID-Forum-Server", "ROID-Forum-Server\ROID-Forum-Server.csproj", "{80A3005B-4AD9-4F11-BC34-E694D431803B}"
EndProject
Global
	GlobalSection(SolutionConfigurationPlatforms) = preSolution
		Debug|Any CPU = Debug|Any CPU
		Release|Any CPU = Release|Any CPU
	EndGlobalSection
	GlobalSection(ProjectConfigurationPlatforms) = postSolution
		{80A3005B-4AD9-4F11-BC34-E694D431803B}.Debug|Any CPU.ActiveCfg = Debug|Any CPU
		{80A3005B-4AD9-4F11-BC34-E694D431803B}.Debug|Any CPU.Build.0 = Debug|Any CPU
		{80A3005B-4AD9-4F11-BC34-E694D431803B}.Release|Any CPU.ActiveCfg = Release|Any CPU
		{80A3005B-4AD9-4F11-BC34-E694D431803B}.Release|Any CPU.Build.0 = Release|Any CPU
	EndGlobalSection
EndGlobal
